
Microsoft Visual Studio Solution File, Format Version 12.00
# Visual Studio Version 17
VisualStudioVersion = 17.5.002.0
MinimumVisualStudioVersion = 10.0.40219.1
Project("{9A19103F-16F7-4668-BE54-9A1E7A4F7556}") = "Cabs_Quiz_C#", "Cabs_Quiz_C#.csproj", "{BBAACADF-2B0D-4F43-91A6-AFFB5DD73DDD}"
EndProject
Global
	GlobalSection(SolutionConfigurationPlatforms) = preSolution
		Debug|Any CPU = Debug|Any CPU
		Release|Any CPU = Release|Any CPU
	EndGlobalSection
	GlobalSection(ProjectConfigurationPlatforms) = postSolution
		{BBAACADF-2B0D-4F43-91A6-AFFB5DD73DDD}.Debug|Any CPU.ActiveCfg = Debug|Any CPU
		{BBAACADF-2B0D-4F43-91A6-AFFB5DD73DDD}.Debug|Any CPU.Build.0 = Debug|Any CPU
		{BBAACADF-2B0D-4F43-91A6-AFFB5DD73DDD}.Release|Any CPU.ActiveCfg = Release|Any CPU
		{BBAACADF-2B0D-4F43-91A6-AFFB5DD73DDD}.Release|Any CPU.Build.0 = Release|Any CPU
	EndGlobalSection
	GlobalSection(SolutionProperties) = preSolution
		HideSolutionNode = FALSE
	EndGlobalSection
	GlobalSection(ExtensibilityGlobals) = postSolution
		SolutionGuid = {50AE904F-9CAA-4BD4-A273-FEF456A5A43B}
	EndGlobalSection
EndGlobal
